
Microsoft Visual Studio Solution File, Format Version 12.00
# Visual Studio 2013
VisualStudioVersion = 12.0.40629.0
MinimumVisualStudioVersion = 10.0.40219.1
Project("{FAE04EC0-301F-11D3-BF4B-00C04F79EFBC}") = "WebApplication", "WebApplication\WebApplication.csproj", "{A8C91FAB-3DA8-4491-8F91-312569E2A5DE}"
EndProject
Project("{FAE04EC0-301F-11D3-BF4B-00C04F79EFBC}") = "Common", "Common\Common.csproj", "{480FCF0E-A6C5-4B7C-9C80-48F44A13B898}"
EndProject
Global
	GlobalSection(SolutionConfigurationPlatforms) = preSolution
		Debug|Any CPU = Debug|Any CPU
		Release|Any CPU = Release|Any CPU
	EndGlobalSection
	GlobalSection(ProjectConfigurationPlatforms) = postSolution
		{A8C91FAB-3DA8-4491-8F91-312569E2A5DE}.Debug|Any CPU.ActiveCfg = Debug|Any CPU
		{A8C91FAB-3DA8-4491-8F91-312569E2A5DE}.Debug|Any CPU.Build.0 = Debug|Any CPU
		{A8C91FAB-3DA8-4491-8F91-312569E2A5DE}.Release|Any CPU.ActiveCfg = Release|Any CPU
		{A8C91FAB-3DA8-4491-8F91-312569E2A5DE}.Release|Any CPU.Build.0 = Release|Any CPU
		{480FCF0E-A6C5-4B7C-9C80-48F44A13B898}.Debug|Any CPU.ActiveCfg = Debug|Any CPU
		{480FCF0E-A6C5-4B7C-9C80-48F44A13B898}.Debug|Any CPU.Build.0 = Debug|Any CPU
		{480FCF0E-A6C5-4B7C-9C80-48F44A13B898}.Release|Any CPU.ActiveCfg = Release|Any CPU
		{480FCF0E-A6C5-4B7C-9C80-48F44A13B898}.Release|Any CPU.Build.0 = Release|Any CPU
	EndGlobalSection
	GlobalSection(SolutionProperties) = preSolution
		HideSolutionNode = FALSE
	EndGlobalSection
EndGlobal
